
Microsoft Visual Studio Solution File, Format Version 12.00
# Visual Studio Version 17
VisualStudioVersion = 17.11.35222.181
MinimumVisualStudioVersion = 10.0.40219.1
Project("{FAE04EC0-301F-11D3-BF4B-00C04F79EFBC}") = "Presentacion", "Presentacion\Presentacion.csproj", "{7910B84E-EEE4-40D7-985A-45848BE20DCC}"
EndProject
Project("{FAE04EC0-301F-11D3-BF4B-00C04F79EFBC}") = "DAL", "DAL\DAL.csproj", "{A0BFD98E-12D8-41CD-B314-744CC82D12D9}"
EndProject
Project("{FAE04EC0-301F-11D3-BF4B-00C04F79EFBC}") = "Entity", "Entity\Entity.csproj", "{DB619BE2-1CF7-43E2-86EB-FDCEAAC3DF41}"
EndProject
Project("{FAE04EC0-301F-11D3-BF4B-00C04F79EFBC}") = "BLL", "BLL\BLL.csproj", "{9D1F703B-577C-459B-B6BE-7462A9E1D22E}"
EndProject
Project("{FAE04EC0-301F-11D3-BF4B-00C04F79EFBC}") = "Animaciones", "Animaciones\Animaciones.csproj", "{BE683CB5-45FB-4B9E-B221-8914D2B8946D}"
EndProject
Project("{FAE04EC0-301F-11D3-BF4B-00C04F79EFBC}") = "IGU", "IGU\IGU.csproj", "{8FDFD443-5404-4ED9-8A24-00C7AEB2760C}"
EndProject
Project("{FAE04EC0-301F-11D3-BF4B-00C04F79EFBC}") = "GUI", "GUI\GUI.csproj", "{B7E75D6D-9584-4F5E-A3C1-E8526A5A0884}"
EndProject
Global
	GlobalSection(SolutionConfigurationPlatforms) = preSolution
		Debug|Any CPU = Debug|Any CPU
		Release|Any CPU = Release|Any CPU
	EndGlobalSection
	GlobalSection(ProjectConfigurationPlatforms) = postSolution
		{7910B84E-EEE4-40D7-985A-45848BE20DCC}.Debug|Any CPU.ActiveCfg = Debug|Any CPU
		{7910B84E-EEE4-40D7-985A-45848BE20DCC}.Debug|Any CPU.Build.0 = Debug|Any CPU
		{7910B84E-EEE4-40D7-985A-45848BE20DCC}.Release|Any CPU.ActiveCfg = Release|Any CPU
		{7910B84E-EEE4-40D7-985A-45848BE20DCC}.Release|Any CPU.Build.0 = Release|Any CPU
		{A0BFD98E-12D8-41CD-B314-744CC82D12D9}.Debug|Any CPU.ActiveCfg = Debug|Any CPU
		{A0BFD98E-12D8-41CD-B314-744CC82D12D9}.Debug|Any CPU.Build.0 = Debug|Any CPU
		{A0BFD98E-12D8-41CD-B314-744CC82D12D9}.Release|Any CPU.ActiveCfg = Release|Any CPU
		{A0BFD98E-12D8-41CD-B314-744CC82D12D9}.Release|Any CPU.Build.0 = Release|Any CPU
		{DB619BE2-1CF7-43E2-86EB-FDCEAAC3DF41}.Debug|Any CPU.ActiveCfg = Debug|Any CPU
		{DB619BE2-1CF7-43E2-86EB-FDCEAAC3DF41}.Debug|Any CPU.Build.0 = Debug|Any CPU
		{DB619BE2-1CF7-43E2-86EB-FDCEAAC3DF41}.Release|Any CPU.ActiveCfg = Release|Any CPU
		{DB619BE2-1CF7-43E2-86EB-FDCEAAC3DF41}.Release|Any CPU.Build.0 = Release|Any CPU
		{9D1F703B-577C-459B-B6BE-7462A9E1D22E}.Debug|Any CPU.ActiveCfg = Debug|Any CPU
		{9D1F703B-577C-459B-B6BE-7462A9E1D22E}.Debug|Any CPU.Build.0 = Debug|Any CPU
		{9D1F703B-577C-459B-B6BE-7462A9E1D22E}.Release|Any CPU.ActiveCfg = Release|Any CPU
		{9D1F703B-577C-459B-B6BE-7462A9E1D22E}.Release|Any CPU.Build.0 = Release|Any CPU
		{BE683CB5-45FB-4B9E-B221-8914D2B8946D}.Debug|Any CPU.ActiveCfg = Debug|Any CPU
		{BE683CB5-45FB-4B9E-B221-8914D2B8946D}.Debug|Any CPU.Build.0 = Debug|Any CPU
		{BE683CB5-45FB-4B9E-B221-8914D2B8946D}.Release|Any CPU.ActiveCfg = Release|Any CPU
		{BE683CB5-45FB-4B9E-B221-8914D2B8946D}.Release|Any CPU.Build.0 = Release|Any CPU
		{8FDFD443-5404-4ED9-8A24-00C7AEB2760C}.Debug|Any CPU.ActiveCfg = Debug|Any CPU
		{8FDFD443-5404-4ED9-8A24-00C7AEB2760C}.Debug|Any CPU.Build.0 = Debug|Any CPU
		{8FDFD443-5404-4ED9-8A24-00C7AEB2760C}.Release|Any CPU.ActiveCfg = Release|Any CPU
		{8FDFD443-5404-4ED9-8A24-00C7AEB2760C}.Release|Any CPU.Build.0 = Release|Any CPU
		{B7E75D6D-9584-4F5E-A3C1-E8526A5A0884}.Debug|Any CPU.ActiveCfg = Debug|Any CPU
		{B7E75D6D-9584-4F5E-A3C1-E8526A5A0884}.Debug|Any CPU.Build.0 = Debug|Any CPU
		{B7E75D6D-9584-4F5E-A3C1-E8526A5A0884}.Release|Any CPU.ActiveCfg = Release|Any CPU
		{B7E75D6D-9584-4F5E-A3C1-E8526A5A0884}.Release|Any CPU.Build.0 = Release|Any CPU
	EndGlobalSection
	GlobalSection(SolutionProperties) = preSolution
		HideSolutionNode = FALSE
	EndGlobalSection
	GlobalSection(ExtensibilityGlobals) = postSolution
		SolutionGuid = {6BB76EFF-B9C4-4402-A1C8-DB8395562377}
	EndGlobalSection
EndGlobal
